// !$*UTF8*$!
{
	archiveVersion = 1;
	classes = {
	};
	objectVersion = 46;
	objects = {

/* Begin PBXBuildFile section */
		8F1E2B8B19DA9E3700F904B9 /* Box.cpp in Sources */ = {isa = PBXBuildFile; fileRef = 8F1E2B8919DA9E3700F904B9 /* Box.cpp */; };
		8F1E2B9119DB157700F904B9 /* Connection.cpp in Sources */ = {isa = PBXBuildFile; fileRef = 8F1E2B8F19DB157700F904B9 /* Connection.cpp */; };
		8F1E2B9419DB2D3C00F904B9 /* Page.cpp in Sources */ = {isa = PBXBuildFile; fileRef = 8F1E2B9219DB2D3C00F904B9 /* Page.cpp */; };
		8F1E2B9719DBB72500F904B9 /* Dico.cpp in Sources */ = {isa = PBXBuildFile; fileRef = 8F1E2B9519DBB72500F904B9 /* Dico.cpp */; };
		8F73C78219B9C81E0041C577 /* main.cpp in Sources */ = {isa = PBXBuildFile; fileRef = 8F73C77019B9C81E0041C577 /* main.cpp */; };
		8F73C78419B9C8370041C577 /* Accelerate.framework in Frameworks */ = {isa = PBXBuildFile; fileRef = 8F73C78319B9C8370041C577 /* Accelerate.framework */; };
		8F73C7DA19B9DB110041C577 /* Arithmetic.cpp in Sources */ = {isa = PBXBuildFile; fileRef = 8F73C7B319B9DB110041C577 /* Arithmetic.cpp */; };
		8F73C7DB19B9DB110041C577 /* ArithmeticTilde.cpp in Sources */ = {isa = PBXBuildFile; fileRef = 8F73C7B519B9DB110041C577 /* ArithmeticTilde.cpp */; };
		8FC8A33419C3243E0028F321 /* Attribute.cpp in Sources */ = {isa = PBXBuildFile; fileRef = 8FC8A32119C3243E0028F321 /* Attribute.cpp */; };
		8FC8A33619C3243E0028F321 /* Element.cpp in Sources */ = {isa = PBXBuildFile; fileRef = 8FC8A32719C3243E0028F321 /* Element.cpp */; };
		8FC8A33819C3243E0028F321 /* Instance.cpp in Sources */ = {isa = PBXBuildFile; fileRef = 8FC8A32B19C3243E0028F321 /* Instance.cpp */; };
		8FC8A33919C3243E0028F321 /* Object.cpp in Sources */ = {isa = PBXBuildFile; fileRef = 8FC8A32D19C3243E0028F321 /* Object.cpp */; };
		8FC8A33B19C3243E0028F321 /* Tag.cpp in Sources */ = {isa = PBXBuildFile; fileRef = 8FC8A33119C3243E0028F321 /* Tag.cpp */; };
		8FCE3DDF19C2EDD200DEAA7F /* DspContext.cpp in Sources */ = {isa = PBXBuildFile; fileRef = 8FCE3DD719C2EDD200DEAA7F /* DspContext.cpp */; };
		8FCE3DE019C2EDD200DEAA7F /* DspNode.cpp in Sources */ = {isa = PBXBuildFile; fileRef = 8FCE3DD919C2EDD200DEAA7F /* DspNode.cpp */; };
		8FCE3DE119C2EDD200DEAA7F /* DspProcess.cpp in Sources */ = {isa = PBXBuildFile; fileRef = 8FCE3DDB19C2EDD200DEAA7F /* DspProcess.cpp */; };
		8FCE3DE219C2EDD200DEAA7F /* Signal.cpp in Sources */ = {isa = PBXBuildFile; fileRef = 8FCE3DDD19C2EDD200DEAA7F /* Signal.cpp */; };
/* End PBXBuildFile section */

/* Begin PBXCopyFilesBuildPhase section */
		8F96739019B9C7D100C8EE72 /* CopyFiles */ = {
			isa = PBXCopyFilesBuildPhase;
			buildActionMask = 2147483647;
			dstPath = /usr/share/man/man1/;
			dstSubfolderSpec = 0;
			files = (
			);
			runOnlyForDeploymentPostprocessing = 1;
		};
/* End PBXCopyFilesBuildPhase section */

/* Begin PBXFileReference section */
		8F1E2B8919DA9E3700F904B9 /* Box.cpp */ = {isa = PBXFileReference; fileEncoding = 4; lastKnownFileType = sourcecode.cpp.cpp; path = Box.cpp; sourceTree = "<group>"; };
		8F1E2B8A19DA9E3700F904B9 /* Box.h */ = {isa = PBXFileReference; fileEncoding = 4; lastKnownFileType = sourcecode.c.h; path = Box.h; sourceTree = "<group>"; };
		8F1E2B8F19DB157700F904B9 /* Connection.cpp */ = {isa = PBXFileReference; fileEncoding = 4; lastKnownFileType = sourcecode.cpp.cpp; path = Connection.cpp; sourceTree = "<group>"; };
		8F1E2B9019DB157700F904B9 /* Connection.h */ = {isa = PBXFileReference; fileEncoding = 4; lastKnownFileType = sourcecode.c.h; path = Connection.h; sourceTree = "<group>"; };
		8F1E2B9219DB2D3C00F904B9 /* Page.cpp */ = {isa = PBXFileReference; fileEncoding = 4; lastKnownFileType = sourcecode.cpp.cpp; path = Page.cpp; sourceTree = "<group>"; };
		8F1E2B9319DB2D3C00F904B9 /* Page.h */ = {isa = PBXFileReference; fileEncoding = 4; lastKnownFileType = sourcecode.c.h; path = Page.h; sourceTree = "<group>"; };
		8F1E2B9519DBB72500F904B9 /* Dico.cpp */ = {isa = PBXFileReference; fileEncoding = 4; lastKnownFileType = sourcecode.cpp.cpp; path = Dico.cpp; sourceTree = "<group>"; };
		8F1E2B9619DBB72500F904B9 /* Dico.h */ = {isa = PBXFileReference; fileEncoding = 4; lastKnownFileType = sourcecode.c.h; path = Dico.h; sourceTree = "<group>"; };
		8F73C77019B9C81E0041C577 /* main.cpp */ = {isa = PBXFileReference; fileEncoding = 4; lastKnownFileType = sourcecode.cpp.cpp; path = main.cpp; sourceTree = "<group>"; };
		8F73C78319B9C8370041C577 /* Accelerate.framework */ = {isa = PBXFileReference; lastKnownFileType = wrapper.framework; name = Accelerate.framework; path = System/Library/Frameworks/Accelerate.framework; sourceTree = SDKROOT; };
		8F73C78519B9C84F0041C577 /* KiwiCore.1 */ = {isa = PBXFileReference; lastKnownFileType = text.man; path = KiwiCore.1; sourceTree = "<group>"; };
		8F73C7B119B9DB110041C577 /* Kiwi.h */ = {isa = PBXFileReference; fileEncoding = 4; lastKnownFileType = sourcecode.c.h; name = Kiwi.h; path = ../Kiwi.h; sourceTree = "<group>"; };
		8F73C7B319B9DB110041C577 /* Arithmetic.cpp */ = {isa = PBXFileReference; fileEncoding = 4; lastKnownFileType = sourcecode.cpp.cpp; path = Arithmetic.cpp; sourceTree = "<group>"; };
		8F73C7B419B9DB110041C577 /* Arithmetic.h */ = {isa = PBXFileReference; fileEncoding = 4; lastKnownFileType = sourcecode.c.h; path = Arithmetic.h; sourceTree = "<group>"; };
		8F73C7B519B9DB110041C577 /* ArithmeticTilde.cpp */ = {isa = PBXFileReference; fileEncoding = 4; lastKnownFileType = sourcecode.cpp.cpp; path = ArithmeticTilde.cpp; sourceTree = "<group>"; };
		8F73C7B619B9DB110041C577 /* ArithmeticTilde.h */ = {isa = PBXFileReference; fileEncoding = 4; lastKnownFileType = sourcecode.c.h; path = ArithmeticTilde.h; sourceTree = "<group>"; };
		8F96739219B9C7D100C8EE72 /* KiwiCore */ = {isa = PBXFileReference; explicitFileType = "compiled.mach-o.executable"; includeInIndex = 0; path = KiwiCore; sourceTree = BUILT_PRODUCTS_DIR; };
		8FC8A32119C3243E0028F321 /* Attribute.cpp */ = {isa = PBXFileReference; fileEncoding = 4; lastKnownFileType = sourcecode.cpp.cpp; path = Attribute.cpp; sourceTree = "<group>"; };
		8FC8A32219C3243E0028F321 /* Attribute.h */ = {isa = PBXFileReference; fileEncoding = 4; lastKnownFileType = sourcecode.c.h; path = Attribute.h; sourceTree = "<group>"; };
		8FC8A32519C3243E0028F321 /* Core.h */ = {isa = PBXFileReference; fileEncoding = 4; lastKnownFileType = sourcecode.c.h; path = Core.h; sourceTree = "<group>"; };
		8FC8A32619C3243E0028F321 /* Defs.h */ = {isa = PBXFileReference; fileEncoding = 4; lastKnownFileType = sourcecode.c.h; path = Defs.h; sourceTree = "<group>"; };
		8FC8A32719C3243E0028F321 /* Element.cpp */ = {isa = PBXFileReference; fileEncoding = 4; lastKnownFileType = sourcecode.cpp.cpp; path = Element.cpp; sourceTree = "<group>"; };
		8FC8A32819C3243E0028F321 /* Element.h */ = {isa = PBXFileReference; fileEncoding = 4; lastKnownFileType = sourcecode.c.h; path = Element.h; sourceTree = "<group>"; };
		8FC8A32B19C3243E0028F321 /* Instance.cpp */ = {isa = PBXFileReference; fileEncoding = 4; lastKnownFileType = sourcecode.cpp.cpp; path = Instance.cpp; sourceTree = "<group>"; };
		8FC8A32C19C3243E0028F321 /* Instance.h */ = {isa = PBXFileReference; fileEncoding = 4; lastKnownFileType = sourcecode.c.h; path = Instance.h; sourceTree = "<group>"; };
		8FC8A32D19C3243E0028F321 /* Object.cpp */ = {isa = PBXFileReference; fileEncoding = 4; lastKnownFileType = sourcecode.cpp.cpp; path = Object.cpp; sourceTree = "<group>"; };
		8FC8A32E19C3243E0028F321 /* Object.h */ = {isa = PBXFileReference; fileEncoding = 4; lastKnownFileType = sourcecode.c.h; path = Object.h; sourceTree = "<group>"; };
		8FC8A33119C3243E0028F321 /* Tag.cpp */ = {isa = PBXFileReference; fileEncoding = 4; lastKnownFileType = sourcecode.cpp.cpp; path = Tag.cpp; sourceTree = "<group>"; };
		8FC8A33219C3243E0028F321 /* Tag.h */ = {isa = PBXFileReference; fileEncoding = 4; lastKnownFileType = sourcecode.c.h; path = Tag.h; sourceTree = "<group>"; };
		8FC8A33319C3243E0028F321 /* Tools.h */ = {isa = PBXFileReference; fileEncoding = 4; lastKnownFileType = sourcecode.c.h; path = Tools.h; sourceTree = "<group>"; };
		8FCE3DD719C2EDD200DEAA7F /* DspContext.cpp */ = {isa = PBXFileReference; fileEncoding = 4; lastKnownFileType = sourcecode.cpp.cpp; path = DspContext.cpp; sourceTree = "<group>"; };
		8FCE3DD819C2EDD200DEAA7F /* DspContext.h */ = {isa = PBXFileReference; fileEncoding = 4; lastKnownFileType = sourcecode.c.h; path = DspContext.h; sourceTree = "<group>"; };
		8FCE3DD919C2EDD200DEAA7F /* DspNode.cpp */ = {isa = PBXFileReference; fileEncoding = 4; lastKnownFileType = sourcecode.cpp.cpp; path = DspNode.cpp; sourceTree = "<group>"; };
		8FCE3DDA19C2EDD200DEAA7F /* DspNode.h */ = {isa = PBXFileReference; fileEncoding = 4; lastKnownFileType = sourcecode.c.h; path = DspNode.h; sourceTree = "<group>"; };
		8FCE3DDB19C2EDD200DEAA7F /* DspProcess.cpp */ = {isa = PBXFileReference; fileEncoding = 4; lastKnownFileType = sourcecode.cpp.cpp; path = DspProcess.cpp; sourceTree = "<group>"; };
		8FCE3DDC19C2EDD200DEAA7F /* DspProcess.h */ = {isa = PBXFileReference; fileEncoding = 4; lastKnownFileType = sourcecode.c.h; path = DspProcess.h; sourceTree = "<group>"; };
		8FCE3DDD19C2EDD200DEAA7F /* Signal.cpp */ = {isa = PBXFileReference; fileEncoding = 4; lastKnownFileType = sourcecode.cpp.cpp; path = Signal.cpp; sourceTree = "<group>"; };
		8FCE3DDE19C2EDD200DEAA7F /* Signal.h */ = {isa = PBXFileReference; fileEncoding = 4; lastKnownFileType = sourcecode.c.h; path = Signal.h; sourceTree = "<group>"; };
/* End PBXFileReference section */

/* Begin PBXFrameworksBuildPhase section */
		8F96738F19B9C7D100C8EE72 /* Frameworks */ = {
			isa = PBXFrameworksBuildPhase;
			buildActionMask = 2147483647;
			files = (
				8F73C78419B9C8370041C577 /* Accelerate.framework in Frameworks */,
			);
			runOnlyForDeploymentPostprocessing = 0;
		};
/* End PBXFrameworksBuildPhase section */

/* Begin PBXGroup section */
		8F73C78619B9DAC90041C577 /* Example */ = {
			isa = PBXGroup;
			children = (
				8F73C78519B9C84F0041C577 /* KiwiCore.1 */,
				8F73C77019B9C81E0041C577 /* main.cpp */,
			);
			name = Example;
			sourceTree = "<group>";
		};
		8F73C78719B9DAD90041C577 /* Sources */ = {
			isa = PBXGroup;
			children = (
				8F73C7B119B9DB110041C577 /* Kiwi.h */,
				8FC8A32019C3243E0028F321 /* KiwiBase */,
				8F73C7B219B9DB110041C577 /* KiwiBoxes */,
				8FCE3DD619C2EDD200DEAA7F /* KiwiDsp */,
			);
			name = Sources;
			sourceTree = "<group>";
		};
		8F73C7B219B9DB110041C577 /* KiwiBoxes */ = {
			isa = PBXGroup;
			children = (
				8F73C7B319B9DB110041C577 /* Arithmetic.cpp */,
				8F73C7B419B9DB110041C577 /* Arithmetic.h */,
				8F73C7B519B9DB110041C577 /* ArithmeticTilde.cpp */,
				8F73C7B619B9DB110041C577 /* ArithmeticTilde.h */,
			);
			name = KiwiBoxes;
			path = ../KiwiBoxes;
			sourceTree = "<group>";
		};
		8F96738919B9C7D100C8EE72 = {
			isa = PBXGroup;
			children = (
				8F73C78719B9DAD90041C577 /* Sources */,
				8F73C78619B9DAC90041C577 /* Example */,
				8F73C78319B9C8370041C577 /* Accelerate.framework */,
				8F96739319B9C7D100C8EE72 /* Products */,
			);
			sourceTree = "<group>";
		};
		8F96739319B9C7D100C8EE72 /* Products */ = {
			isa = PBXGroup;
			children = (
				8F96739219B9C7D100C8EE72 /* KiwiCore */,
			);
			name = Products;
			sourceTree = "<group>";
		};
		8FC8A32019C3243E0028F321 /* KiwiBase */ = {
			isa = PBXGroup;
			children = (
				8FC8A32519C3243E0028F321 /* Core.h */,
				8FC8A32619C3243E0028F321 /* Defs.h */,
				8FC8A33319C3243E0028F321 /* Tools.h */,
				8FC8A33119C3243E0028F321 /* Tag.cpp */,
				8FC8A33219C3243E0028F321 /* Tag.h */,
				8FC8A32719C3243E0028F321 /* Element.cpp */,
				8FC8A32819C3243E0028F321 /* Element.h */,
				8F1E2B9519DBB72500F904B9 /* Dico.cpp */,
				8F1E2B9619DBB72500F904B9 /* Dico.h */,
				8FC8A32D19C3243E0028F321 /* Object.cpp */,
				8FC8A32E19C3243E0028F321 /* Object.h */,
				8FC8A32119C3243E0028F321 /* Attribute.cpp */,
				8FC8A32219C3243E0028F321 /* Attribute.h */,
				8F1E2B8F19DB157700F904B9 /* Connection.cpp */,
				8F1E2B9019DB157700F904B9 /* Connection.h */,
				8F1E2B8919DA9E3700F904B9 /* Box.cpp */,
				8F1E2B8A19DA9E3700F904B9 /* Box.h */,
				8F1E2B9219DB2D3C00F904B9 /* Page.cpp */,
				8F1E2B9319DB2D3C00F904B9 /* Page.h */,
				8FC8A32B19C3243E0028F321 /* Instance.cpp */,
				8FC8A32C19C3243E0028F321 /* Instance.h */,
			);
			name = KiwiBase;
			path = ../KiwiBase;
			sourceTree = "<group>";
		};
		8FCE3DD619C2EDD200DEAA7F /* KiwiDsp */ = {
			isa = PBXGroup;
			children = (
				8FCE3DD719C2EDD200DEAA7F /* DspContext.cpp */,
				8FCE3DD819C2EDD200DEAA7F /* DspContext.h */,
				8FCE3DD919C2EDD200DEAA7F /* DspNode.cpp */,
				8FCE3DDA19C2EDD200DEAA7F /* DspNode.h */,
				8FCE3DDB19C2EDD200DEAA7F /* DspProcess.cpp */,
				8FCE3DDC19C2EDD200DEAA7F /* DspProcess.h */,
				8FCE3DDD19C2EDD200DEAA7F /* Signal.cpp */,
				8FCE3DDE19C2EDD200DEAA7F /* Signal.h */,
			);
			name = KiwiDsp;
			path = ../KiwiDsp;
			sourceTree = "<group>";
		};
/* End PBXGroup section */

/* Begin PBXNativeTarget section */
		8F96739119B9C7D100C8EE72 /* KiwiCore */ = {
			isa = PBXNativeTarget;
			buildConfigurationList = 8F96739B19B9C7D100C8EE72 /* Build configuration list for PBXNativeTarget "KiwiCore" */;
			buildPhases = (
				8F96738E19B9C7D100C8EE72 /* Sources */,
				8F96738F19B9C7D100C8EE72 /* Frameworks */,
				8F96739019B9C7D100C8EE72 /* CopyFiles */,
			);
			buildRules = (
			);
			dependencies = (
			);
			name = KiwiCore;
			productName = KiwiCore;
			productReference = 8F96739219B9C7D100C8EE72 /* KiwiCore */;
			productType = "com.apple.product-type.tool";
		};
/* End PBXNativeTarget section */

/* Begin PBXProject section */
		8F96738A19B9C7D100C8EE72 /* Project object */ = {
			isa = PBXProject;
			attributes = {
				LastUpgradeCheck = 0510;
				ORGANIZATIONNAME = PierreGuillot;
			};
			buildConfigurationList = 8F96738D19B9C7D100C8EE72 /* Build configuration list for PBXProject "KiwiCore" */;
			compatibilityVersion = "Xcode 3.2";
			developmentRegion = English;
			hasScannedForEncodings = 0;
			knownRegions = (
				en,
			);
			mainGroup = 8F96738919B9C7D100C8EE72;
			productRefGroup = 8F96739319B9C7D100C8EE72 /* Products */;
			projectDirPath = "";
			projectRoot = "";
			targets = (
				8F96739119B9C7D100C8EE72 /* KiwiCore */,
			);
		};
/* End PBXProject section */

/* Begin PBXSourcesBuildPhase section */
		8F96738E19B9C7D100C8EE72 /* Sources */ = {
			isa = PBXSourcesBuildPhase;
			buildActionMask = 2147483647;
			files = (
				8F73C78219B9C81E0041C577 /* main.cpp in Sources */,
				8FCE3DDF19C2EDD200DEAA7F /* DspContext.cpp in Sources */,
				8FC8A33619C3243E0028F321 /* Element.cpp in Sources */,
				8FC8A33419C3243E0028F321 /* Attribute.cpp in Sources */,
				8FC8A33919C3243E0028F321 /* Object.cpp in Sources */,
				8FCE3DE019C2EDD200DEAA7F /* DspNode.cpp in Sources */,
				8FCE3DE119C2EDD200DEAA7F /* DspProcess.cpp in Sources */,
				8FC8A33819C3243E0028F321 /* Instance.cpp in Sources */,
				8F1E2B9419DB2D3C00F904B9 /* Page.cpp in Sources */,
				8F1E2B9719DBB72500F904B9 /* Dico.cpp in Sources */,
				8F1E2B9119DB157700F904B9 /* Connection.cpp in Sources */,
				8FCE3DE219C2EDD200DEAA7F /* Signal.cpp in Sources */,
				8FC8A33B19C3243E0028F321 /* Tag.cpp in Sources */,
				8F1E2B8B19DA9E3700F904B9 /* Box.cpp in Sources */,
				8F73C7DB19B9DB110041C577 /* ArithmeticTilde.cpp in Sources */,
				8F73C7DA19B9DB110041C577 /* Arithmetic.cpp in Sources */,
			);
			runOnlyForDeploymentPostprocessing = 0;
		};
/* End PBXSourcesBuildPhase section */

/* Begin XCBuildConfiguration section */
		8F96739919B9C7D100C8EE72 /* Debug */ = {
			isa = XCBuildConfiguration;
			buildSettings = {
				ALWAYS_SEARCH_USER_PATHS = NO;
				CLANG_CXX_LANGUAGE_STANDARD = "gnu++0x";
				CLANG_CXX_LIBRARY = "libc++";
				CLANG_ENABLE_MODULES = YES;
				CLANG_ENABLE_OBJC_ARC = YES;
				CLANG_WARN_BOOL_CONVERSION = YES;
				CLANG_WARN_CONSTANT_CONVERSION = YES;
				CLANG_WARN_DIRECT_OBJC_ISA_USAGE = YES_ERROR;
				CLANG_WARN_EMPTY_BODY = YES;
				CLANG_WARN_ENUM_CONVERSION = YES;
				CLANG_WARN_INT_CONVERSION = YES;
				CLANG_WARN_OBJC_ROOT_CLASS = YES_ERROR;
				CLANG_WARN__DUPLICATE_METHOD_MATCH = YES;
				COPY_PHASE_STRIP = NO;
				GCC_C_LANGUAGE_STANDARD = gnu99;
				GCC_DYNAMIC_NO_PIC = NO;
				GCC_ENABLE_OBJC_EXCEPTIONS = YES;
				GCC_OPTIMIZATION_LEVEL = 0;
				GCC_PREPROCESSOR_DEFINITIONS = (
					"DEBUG=1",
					"$(inherited)",
				);
				GCC_SYMBOLS_PRIVATE_EXTERN = NO;
				GCC_WARN_64_TO_32_BIT_CONVERSION = YES;
				GCC_WARN_ABOUT_RETURN_TYPE = YES_ERROR;
				GCC_WARN_UNDECLARED_SELECTOR = YES;
				GCC_WARN_UNINITIALIZED_AUTOS = YES_AGGRESSIVE;
				GCC_WARN_UNUSED_FUNCTION = YES;
				GCC_WARN_UNUSED_VARIABLE = YES;
				MACOSX_DEPLOYMENT_TARGET = 10.9;
				ONLY_ACTIVE_ARCH = YES;
				SDKROOT = macosx;
			};
			name = Debug;
		};
		8F96739A19B9C7D100C8EE72 /* Release */ = {
			isa = XCBuildConfiguration;
			buildSettings = {
				ALWAYS_SEARCH_USER_PATHS = NO;
				CLANG_CXX_LANGUAGE_STANDARD = "gnu++0x";
				CLANG_CXX_LIBRARY = "libc++";
				CLANG_ENABLE_MODULES = YES;
				CLANG_ENABLE_OBJC_ARC = YES;
				CLANG_WARN_BOOL_CONVERSION = YES;
				CLANG_WARN_CONSTANT_CONVERSION = YES;
				CLANG_WARN_DIRECT_OBJC_ISA_USAGE = YES_ERROR;
				CLANG_WARN_EMPTY_BODY = YES;
				CLANG_WARN_ENUM_CONVERSION = YES;
				CLANG_WARN_INT_CONVERSION = YES;
				CLANG_WARN_OBJC_ROOT_CLASS = YES_ERROR;
				CLANG_WARN__DUPLICATE_METHOD_MATCH = YES;
				COPY_PHASE_STRIP = YES;
				DEBUG_INFORMATION_FORMAT = "dwarf-with-dsym";
				ENABLE_NS_ASSERTIONS = NO;
				GCC_C_LANGUAGE_STANDARD = gnu99;
				GCC_ENABLE_OBJC_EXCEPTIONS = YES;
				GCC_WARN_64_TO_32_BIT_CONVERSION = YES;
				GCC_WARN_ABOUT_RETURN_TYPE = YES_ERROR;
				GCC_WARN_UNDECLARED_SELECTOR = YES;
				GCC_WARN_UNINITIALIZED_AUTOS = YES_AGGRESSIVE;
				GCC_WARN_UNUSED_FUNCTION = YES;
				GCC_WARN_UNUSED_VARIABLE = YES;
				MACOSX_DEPLOYMENT_TARGET = 10.9;
				SDKROOT = macosx;
			};
			name = Release;
		};
		8F96739C19B9C7D100C8EE72 /* Debug */ = {
			isa = XCBuildConfiguration;
			buildSettings = {
				PRODUCT_NAME = "$(TARGET_NAME)";
			};
			name = Debug;
		};
		8F96739D19B9C7D100C8EE72 /* Release */ = {
			isa = XCBuildConfiguration;
			buildSettings = {
				GCC_OPTIMIZATION_LEVEL = 3;
				PRODUCT_NAME = "$(TARGET_NAME)";
			};
			name = Release;
		};
/* End XCBuildConfiguration section */

/* Begin XCConfigurationList section */
		8F96738D19B9C7D100C8EE72 /* Build configuration list for PBXProject "KiwiCore" */ = {
			isa = XCConfigurationList;
			buildConfigurations = (
				8F96739919B9C7D100C8EE72 /* Debug */,
				8F96739A19B9C7D100C8EE72 /* Release */,
			);
			defaultConfigurationIsVisible = 0;
			defaultConfigurationName = Debug;
		};
		8F96739B19B9C7D100C8EE72 /* Build configuration list for PBXNativeTarget "KiwiCore" */ = {
			isa = XCConfigurationList;
			buildConfigurations = (
				8F96739C19B9C7D100C8EE72 /* Debug */,
				8F96739D19B9C7D100C8EE72 /* Release */,
			);
			defaultConfigurationIsVisible = 0;
			defaultConfigurationName = Debug;
		};
/* End XCConfigurationList section */
	};
	rootObject = 8F96738A19B9C7D100C8EE72 /* Project object */;
}
